<?xml version="1.0" encoding="utf-8"?>
<Project ToolsVersion="4.0" xmlns="http://schemas.microsoft.com/developer/msbuild/2003">
  <ItemGroup>
    <Filter Include="predator">
      <UniqueIdentifier>{4641D112-320E-2C1E-5B27-1AC6475361AC}</UniqueIdentifier>
    </Filter>
    <Filter Include="predator\events">
      <UniqueIdentifier>{8A16D904-F6A1-46C9-FFB2-C9BD6BBDA2C9}</UniqueIdentifier>
    </Filter>
  </ItemGroup>
  <ItemGroup>
    <ClInclude Include="src\predator.h" />
    <ClInclude Include="src\predator\Application.h">
      <Filter>predator</Filter>
    </ClInclude>
    <ClInclude Include="src\predator\Core.h">
      <Filter>predator</Filter>
    </ClInclude>
    <ClInclude Include="src\predator\Log.h">
      <Filter>predator</Filter>
    </ClInclude>
    <ClInclude Include="src\predator\events\ApplicationEvent.h">
      <Filter>predator\events</Filter>
    </ClInclude>
    <ClInclude Include="src\predator\events\Event.h">
      <Filter>predator\events</Filter>
    </ClInclude>
    <ClInclude Include="src\predator\events\KeyEvent.h">
      <Filter>predator\events</Filter>
    </ClInclude>
    <ClInclude Include="src\predator\events\MouseEvent.h">
      <Filter>predator\events</Filter>
    </ClInclude>
    <ClInclude Include="src\predator\EntryPoint.h" />
  </ItemGroup>
  <ItemGroup>
    <ClCompile Include="src\predator\Application.cpp">
      <Filter>predator</Filter>
    </ClCompile>
    <ClCompile Include="src\predator\Log.cpp">
      <Filter>predator</Filter>
    </ClCompile>
  </ItemGroup>
</Project>